
Microsoft Visual Studio Solution File, Format Version 12.00
# Visual Studio Version 16
VisualStudioVersion = 16.0.31313.79
MinimumVisualStudioVersion = 10.0.40219.1
Project("{FAE04EC0-301F-11D3-BF4B-00C04F79EFBC}") = "Flujo de datos - C2 Ej11", "Flujo de datos - C2 Ej11\Flujo de datos - C2 Ej11.csproj", "{EAC98727-7E66-4BE4-A9F8-F61CE3E549CB}"
EndProject
Global
	GlobalSection(SolutionConfigurationPlatforms) = preSolution
		Debug|Any CPU = Debug|Any CPU
		Release|Any CPU = Release|Any CPU
	EndGlobalSection
	GlobalSection(ProjectConfigurationPlatforms) = postSolution
		{EAC98727-7E66-4BE4-A9F8-F61CE3E549CB}.Debug|Any CPU.ActiveCfg = Debug|Any CPU
		{EAC98727-7E66-4BE4-A9F8-F61CE3E549CB}.Debug|Any CPU.Build.0 = Debug|Any CPU
		{EAC98727-7E66-4BE4-A9F8-F61CE3E549CB}.Release|Any CPU.ActiveCfg = Release|Any CPU
		{EAC98727-7E66-4BE4-A9F8-F61CE3E549CB}.Release|Any CPU.Build.0 = Release|Any CPU
	EndGlobalSection
	GlobalSection(SolutionProperties) = preSolution
		HideSolutionNode = FALSE
	EndGlobalSection
	GlobalSection(ExtensibilityGlobals) = postSolution
		SolutionGuid = {265E74FD-25D0-4E1D-8DBB-51A57616F432}
	EndGlobalSection
EndGlobal
